
Microsoft Visual Studio Solution File, Format Version 9.00
# Visual Studio 2005
Project("{F184B08F-C81C-45F6-A57F-5ABD9991F28F}") = "IntegraLab.Controles", "IntegraLab.Controles.vbproj", "{3A48E6DA-58F1-4CD3-9EDC-C3A32861B167}"
EndProject
Global
	GlobalSection(SolutionConfigurationPlatforms) = preSolution
		Debug|x86 = Debug|x86
		Release|x86 = Release|x86
	EndGlobalSection
	GlobalSection(ProjectConfigurationPlatforms) = postSolution
		{3A48E6DA-58F1-4CD3-9EDC-C3A32861B167}.Debug|x86.ActiveCfg = Debug|x86
		{3A48E6DA-58F1-4CD3-9EDC-C3A32861B167}.Debug|x86.Build.0 = Debug|x86
		{3A48E6DA-58F1-4CD3-9EDC-C3A32861B167}.Release|x86.ActiveCfg = Release|x86
		{3A48E6DA-58F1-4CD3-9EDC-C3A32861B167}.Release|x86.Build.0 = Release|x86
	EndGlobalSection
	GlobalSection(SolutionProperties) = preSolution
		HideSolutionNode = FALSE
	EndGlobalSection
EndGlobal
